<?xml version="1.0" encoding="utf-8"?>
<Project ToolsVersion="4.0" xmlns="http://schemas.microsoft.com/developer/msbuild/2003">
  <ItemGroup>
    <Filter Include="Source Files">
      <UniqueIdentifier>{4FC737F1-C7A5-4376-A066-2A32D752A2FF}</UniqueIdentifier>
      <Extensions>cpp;c;cc;cxx;c++;cppm;ixx;def;odl;idl;hpj;bat;asm;asmx</Extensions>
    </Filter>
    <Filter Include="Header Files">
      <UniqueIdentifier>{93995380-89BD-4b04-88EB-625FBE52EBFB}</UniqueIdentifier>
      <Extensions>h;hh;hpp;hxx;h++;hm;inl;inc;ipp;xsd</Extensions>
    </Filter>
    <Filter Include="Resource Files">
      <UniqueIdentifier>{67DA6AB6-F800-4c08-8B7A-83BB121AAD01}</UniqueIdentifier>
      <Extensions>rc;ico;cur;bmp;dlg;rc2;rct;bin;rgs;gif;jpg;jpeg;jpe;resx;tiff;tif;png;wav;mfcribbon-ms</Extensions>
    </Filter>
  </ItemGroup>
  <ItemGroup>
    <ClCompile Include="src\Lexer.cpp">
      <Filter>Source Files</Filter>
    </ClCompile>
    <ClCompile Include="src\PrattParser.cpp">
      <Filter>Source Files</Filter>
    </ClCompile>
    <ClCompile Include="src\Parselets\BinaryOperation.cpp">
      <Filter>Source Files</Filter>
    </ClCompile>
    <ClCompile Include="src\MiniMathParser.cpp">
      <Filter>Source Files</Filter>
    </ClCompile>
  </ItemGroup>
  <ItemGroup>
    <ClInclude Include="inc\MiniMath\Lexer.hpp">
      <Filter>Header Files</Filter>
    </ClInclude>
    <ClInclude Include="inc\MiniMath\Token.hpp">
      <Filter>Header Files</Filter>
    </ClInclude>
    <ClInclude Include="inc\MiniMath\PrattParser.hpp">
      <Filter>Header Files</Filter>
    </ClInclude>
    <ClInclude Include="inc\MiniMath\Expressions\Expression.hpp">
      <Filter>Header Files</Filter>
    </ClInclude>
    <ClInclude Include="inc\MiniMath\Parselets\BinaryOpParselet.hpp">
      <Filter>Header Files</Filter>
    </ClInclude>
    <ClInclude Include="inc\MiniMath\OperatorPrecedences.hpp">
      <Filter>Header Files</Filter>
    </ClInclude>
    <ClInclude Include="inc\MiniMath\MiniMathParser.hpp">
      <Filter>Header Files</Filter>
    </ClInclude>
    <ClInclude Include="inc\MiniMath\Expressions\BinaryExpression.hpp">
      <Filter>Header Files</Filter>
    </ClInclude>
    <ClInclude Include="inc\MiniMath\Expressions\NameExpression.hpp">
      <Filter>Header Files</Filter>
    </ClInclude>
    <ClInclude Include="inc\MiniMath\Expressions\ConstantExpression.hpp">
      <Filter>Header Files</Filter>
    </ClInclude>
    <ClInclude Include="inc\MiniMath\Parselets\InfixParselet.hpp">
      <Filter>Header Files</Filter>
    </ClInclude>
    <ClInclude Include="inc\MiniMath\Parselets\PrefixParselet.hpp">
      <Filter>Header Files</Filter>
    </ClInclude>
  </ItemGroup>
  <ItemGroup>
    <None Include="inc\MiniMath\Parselets\NameParselet.hpp" />
    <None Include="inc\MiniMath\Parselets\ConstantParselet.hpp" />
  </ItemGroup>
</Project>